
Microsoft Visual Studio Solution File, Format Version 12.00
# Visual Studio 2015
Project("{FAE04EC0-301F-11D3-BF4B-00C04F79EFBC}") = "practice.CSharp", "practice.CSharp.csproj", "{43C91066-D173-8654-5603-CBBCC9B71182}"
EndProject
Global
	GlobalSection(SolutionConfigurationPlatforms) = preSolution
		Debug|Any CPU = Debug|Any CPU
		Release|Any CPU = Release|Any CPU
	EndGlobalSection
	GlobalSection(ProjectConfigurationPlatforms) = postSolution
		{43C91066-D173-8654-5603-CBBCC9B71182}.Debug|Any CPU.ActiveCfg = Debug|Any CPU
		{43C91066-D173-8654-5603-CBBCC9B71182}.Debug|Any CPU.Build.0 = Debug|Any CPU
		{43C91066-D173-8654-5603-CBBCC9B71182}.Release|Any CPU.ActiveCfg = Release|Any CPU
		{43C91066-D173-8654-5603-CBBCC9B71182}.Release|Any CPU.Build.0 = Release|Any CPU
	EndGlobalSection
	GlobalSection(SolutionProperties) = preSolution
		HideSolutionNode = FALSE
	EndGlobalSection
EndGlobal
